{
  "name": "test",
  "version": "1.0.0",
  "lockfileVersion": 1,
  "requires": true,
  "dependencies": {
    "console-color-mr": {
      "version": "2.0.1",
      "resolved": "https://registry.npmjs.org/console-color-mr/-/console-color-mr-2.0.1.tgz",
      "integrity": "sha512-pV0KDTBdK13vSFywnspL2S2Ny8sX1fGDa4ijL92IL7Z605OttM/cc3kUzhcfKHE6KhmePMpUhlwxytGq/TPOAg==",
      "dev": true
    }
  }
}
